
Microsoft Visual Studio Solution File, Format Version 11.00
# Visual C# Express 2010
Project("{FAE04EC0-301F-11D3-BF4B-00C04F79EFBC}") = "Praktikum Komunikasi UDP", "Praktikum Komunikasi UDP\Praktikum Komunikasi UDP.csproj", "{94B8B5B4-19EA-4D26-ABAE-05C83C2FD0D4}"
EndProject
Global
	GlobalSection(SolutionConfigurationPlatforms) = preSolution
		Debug|x86 = Debug|x86
		Release|x86 = Release|x86
	EndGlobalSection
	GlobalSection(ProjectConfigurationPlatforms) = postSolution
		{94B8B5B4-19EA-4D26-ABAE-05C83C2FD0D4}.Debug|x86.ActiveCfg = Debug|x86
		{94B8B5B4-19EA-4D26-ABAE-05C83C2FD0D4}.Debug|x86.Build.0 = Debug|x86
		{94B8B5B4-19EA-4D26-ABAE-05C83C2FD0D4}.Release|x86.ActiveCfg = Release|x86
		{94B8B5B4-19EA-4D26-ABAE-05C83C2FD0D4}.Release|x86.Build.0 = Release|x86
	EndGlobalSection
	GlobalSection(SolutionProperties) = preSolution
		HideSolutionNode = FALSE
	EndGlobalSection
EndGlobal
